// !$*UTF8*$!
{
	archiveVersion = 1;
	classes = {
	};
	objectVersion = 50;
	objects = {

/* Begin PBXFileReference section */
		42B9C8B1259A0109003B4E0C /* L1_HW1.playground */ = {isa = PBXFileReference; lastKnownFileType = file.playground; path = L1_HW1.playground; sourceTree = "<group>"; xcLanguageSpecificationIdentifier = xcode.lang.swift; };
		42B9C8B3259A02AC003B4E0C /* L2_HW2.playground */ = {isa = PBXFileReference; lastKnownFileType = file.playground; name = L2_HW2.playground; path = HomeWorks/L2_HW2.playground; sourceTree = SOURCE_ROOT; xcLanguageSpecificationIdentifier = xcode.lang.swift; };
/* End PBXFileReference section */

/* Begin PBXGroup section */
		42B9C8A72599FF46003B4E0C = {
			isa = PBXGroup;
			children = (
				42B9C8B2259A014B003B4E0C /* HomeWorks */,
			);
			sourceTree = "<group>";
		};
		42B9C8B2259A014B003B4E0C /* HomeWorks */ = {
			isa = PBXGroup;
			children = (
				42B9C8B3259A02AC003B4E0C /* L2_HW2.playground */,
				42B9C8B1259A0109003B4E0C /* L1_HW1.playground */,
			);
			path = HomeWorks;
			sourceTree = "<group>";
		};
/* End PBXGroup section */

/* Begin PBXProject section */
		42B9C8A82599FF46003B4E0C /* Project object */ = {
			isa = PBXProject;
			attributes = {
				LastUpgradeCheck = 1230;
			};
			buildConfigurationList = 42B9C8AB2599FF46003B4E0C /* Build configuration list for PBXProject "geekbrains" */;
			compatibilityVersion = "Xcode 9.3";
			developmentRegion = en;
			hasScannedForEncodings = 0;
			knownRegions = (
				en,
				Base,
			);
			mainGroup = 42B9C8A72599FF46003B4E0C;
			projectDirPath = "";
			projectRoot = "";
			targets = (
			);
		};
/* End PBXProject section */

/* Begin XCBuildConfiguration section */
		42B9C8AC2599FF46003B4E0C /* Debug */ = {
			isa = XCBuildConfiguration;
			buildSettings = {
			};
			name = Debug;
		};
		42B9C8AD2599FF46003B4E0C /* Release */ = {
			isa = XCBuildConfiguration;
			buildSettings = {
			};
			name = Release;
		};
/* End XCBuildConfiguration section */

/* Begin XCConfigurationList section */
		42B9C8AB2599FF46003B4E0C /* Build configuration list for PBXProject "geekbrains" */ = {
			isa = XCConfigurationList;
			buildConfigurations = (
				42B9C8AC2599FF46003B4E0C /* Debug */,
				42B9C8AD2599FF46003B4E0C /* Release */,
			);
			defaultConfigurationIsVisible = 0;
			defaultConfigurationName = Release;
		};
/* End XCConfigurationList section */
	};
	rootObject = 42B9C8A82599FF46003B4E0C /* Project object */;
}
