// !$*UTF8*$!
{
	archiveVersion = 1;
	classes = {
	};
	objectVersion = 50;
	objects = {

/* Begin PBXFileReference section */
		4234E19025B55D540077A0FE /* L6_HW6.playground */ = {isa = PBXFileReference; lastKnownFileType = file.playground; path = L6_HW6.playground; sourceTree = "<group>"; xcLanguageSpecificationIdentifier = xcode.lang.swift; };
		4268404C25A9BBE300BEAB83 /* L4_HW4.playground */ = {isa = PBXFileReference; lastKnownFileType = file.playground; path = L4_HW4.playground; sourceTree = "<group>"; xcLanguageSpecificationIdentifier = xcode.lang.swift; };
		42A9D9B825B02E0B00AB813C /* L5_HW5.playground */ = {isa = PBXFileReference; lastKnownFileType = file.playground; path = L5_HW5.playground; sourceTree = "<group>"; xcLanguageSpecificationIdentifier = xcode.lang.swift; };
		42B9C8B1259A0109003B4E0C /* L1_HW1.playground */ = {isa = PBXFileReference; lastKnownFileType = file.playground; path = L1_HW1.playground; sourceTree = "<group>"; xcLanguageSpecificationIdentifier = xcode.lang.swift; };
		42B9C8B3259A02AC003B4E0C /* L2_HW2.playground */ = {isa = PBXFileReference; lastKnownFileType = file.playground; name = L2_HW2.playground; path = HomeWorks/L2_HW2.playground; sourceTree = SOURCE_ROOT; xcLanguageSpecificationIdentifier = xcode.lang.swift; };
		42B9C8B7259A05AF003B4E0C /* L3_HW3.playground */ = {isa = PBXFileReference; lastKnownFileType = file.playground; path = L3_HW3.playground; sourceTree = "<group>"; xcLanguageSpecificationIdentifier = xcode.lang.swift; };
		42F007E925B9E48400AAF2E3 /* L7_HW7.playground */ = {isa = PBXFileReference; lastKnownFileType = file.playground; path = L7_HW7.playground; sourceTree = "<group>"; xcLanguageSpecificationIdentifier = xcode.lang.swift; };
/* End PBXFileReference section */

/* Begin PBXGroup section */
		42B9C8A72599FF46003B4E0C = {
			isa = PBXGroup;
			children = (
				42B9C8B2259A014B003B4E0C /* HomeWorks */,
			);
			sourceTree = "<group>";
		};
		42B9C8B2259A014B003B4E0C /* HomeWorks */ = {
			isa = PBXGroup;
			children = (
				42F007E925B9E48400AAF2E3 /* L7_HW7.playground */,
				4234E19025B55D540077A0FE /* L6_HW6.playground */,
				42A9D9B825B02E0B00AB813C /* L5_HW5.playground */,
				4268404C25A9BBE300BEAB83 /* L4_HW4.playground */,
				42B9C8B7259A05AF003B4E0C /* L3_HW3.playground */,
				42B9C8B3259A02AC003B4E0C /* L2_HW2.playground */,
				42B9C8B1259A0109003B4E0C /* L1_HW1.playground */,
			);
			path = HomeWorks;
			sourceTree = "<group>";
		};
/* End PBXGroup section */

/* Begin PBXProject section */
		42B9C8A82599FF46003B4E0C /* Project object */ = {
			isa = PBXProject;
			attributes = {
				LastUpgradeCheck = 1240;
			};
			buildConfigurationList = 42B9C8AB2599FF46003B4E0C /* Build configuration list for PBXProject "geekbrains" */;
			compatibilityVersion = "Xcode 9.3";
			developmentRegion = en;
			hasScannedForEncodings = 0;
			knownRegions = (
				en,
				Base,
			);
			mainGroup = 42B9C8A72599FF46003B4E0C;
			projectDirPath = "";
			projectRoot = "";
			targets = (
			);
		};
/* End PBXProject section */

/* Begin XCBuildConfiguration section */
		42B9C8AC2599FF46003B4E0C /* Debug */ = {
			isa = XCBuildConfiguration;
			buildSettings = {
				CLANG_WARN_BLOCK_CAPTURE_AUTORELEASING = YES;
				CLANG_WARN_BOOL_CONVERSION = YES;
				CLANG_WARN_COMMA = YES;
				CLANG_WARN_CONSTANT_CONVERSION = YES;
				CLANG_WARN_DEPRECATED_OBJC_IMPLEMENTATIONS = YES;
				CLANG_WARN_EMPTY_BODY = YES;
				CLANG_WARN_ENUM_CONVERSION = YES;
				CLANG_WARN_INFINITE_RECURSION = YES;
				CLANG_WARN_INT_CONVERSION = YES;
				CLANG_WARN_NON_LITERAL_NULL_CONVERSION = YES;
				CLANG_WARN_OBJC_IMPLICIT_RETAIN_SELF = YES;
				CLANG_WARN_OBJC_LITERAL_CONVERSION = YES;
				CLANG_WARN_QUOTED_INCLUDE_IN_FRAMEWORK_HEADER = YES;
				CLANG_WARN_RANGE_LOOP_ANALYSIS = YES;
				CLANG_WARN_STRICT_PROTOTYPES = YES;
				CLANG_WARN_SUSPICIOUS_MOVE = YES;
				CLANG_WARN_UNREACHABLE_CODE = YES;
				CLANG_WARN__DUPLICATE_METHOD_MATCH = YES;
				ENABLE_STRICT_OBJC_MSGSEND = YES;
				ENABLE_TESTABILITY = YES;
				GCC_NO_COMMON_BLOCKS = YES;
				GCC_WARN_64_TO_32_BIT_CONVERSION = YES;
				GCC_WARN_ABOUT_RETURN_TYPE = YES;
				GCC_WARN_UNDECLARED_SELECTOR = YES;
				GCC_WARN_UNINITIALIZED_AUTOS = YES;
				GCC_WARN_UNUSED_FUNCTION = YES;
				GCC_WARN_UNUSED_VARIABLE = YES;
				ONLY_ACTIVE_ARCH = YES;
			};
			name = Debug;
		};
		42B9C8AD2599FF46003B4E0C /* Release */ = {
			isa = XCBuildConfiguration;
			buildSettings = {
				CLANG_WARN_BLOCK_CAPTURE_AUTORELEASING = YES;
				CLANG_WARN_BOOL_CONVERSION = YES;
				CLANG_WARN_COMMA = YES;
				CLANG_WARN_CONSTANT_CONVERSION = YES;
				CLANG_WARN_DEPRECATED_OBJC_IMPLEMENTATIONS = YES;
				CLANG_WARN_EMPTY_BODY = YES;
				CLANG_WARN_ENUM_CONVERSION = YES;
				CLANG_WARN_INFINITE_RECURSION = YES;
				CLANG_WARN_INT_CONVERSION = YES;
				CLANG_WARN_NON_LITERAL_NULL_CONVERSION = YES;
				CLANG_WARN_OBJC_IMPLICIT_RETAIN_SELF = YES;
				CLANG_WARN_OBJC_LITERAL_CONVERSION = YES;
				CLANG_WARN_QUOTED_INCLUDE_IN_FRAMEWORK_HEADER = YES;
				CLANG_WARN_RANGE_LOOP_ANALYSIS = YES;
				CLANG_WARN_STRICT_PROTOTYPES = YES;
				CLANG_WARN_SUSPICIOUS_MOVE = YES;
				CLANG_WARN_UNREACHABLE_CODE = YES;
				CLANG_WARN__DUPLICATE_METHOD_MATCH = YES;
				ENABLE_STRICT_OBJC_MSGSEND = YES;
				GCC_NO_COMMON_BLOCKS = YES;
				GCC_WARN_64_TO_32_BIT_CONVERSION = YES;
				GCC_WARN_ABOUT_RETURN_TYPE = YES;
				GCC_WARN_UNDECLARED_SELECTOR = YES;
				GCC_WARN_UNINITIALIZED_AUTOS = YES;
				GCC_WARN_UNUSED_FUNCTION = YES;
				GCC_WARN_UNUSED_VARIABLE = YES;
			};
			name = Release;
		};
/* End XCBuildConfiguration section */

/* Begin XCConfigurationList section */
		42B9C8AB2599FF46003B4E0C /* Build configuration list for PBXProject "geekbrains" */ = {
			isa = XCConfigurationList;
			buildConfigurations = (
				42B9C8AC2599FF46003B4E0C /* Debug */,
				42B9C8AD2599FF46003B4E0C /* Release */,
			);
			defaultConfigurationIsVisible = 0;
			defaultConfigurationName = Release;
		};
/* End XCConfigurationList section */
	};
	rootObject = 42B9C8A82599FF46003B4E0C /* Project object */;
}
